
Microsoft Visual Studio Solution File, Format Version 12.00
# Visual Studio Version 17
VisualStudioVersion = 17.0.31903.59
MinimumVisualStudioVersion = 10.0.40219.1
Project("{FAE04EC0-301F-11D3-BF4B-00C04F79EFBC}") = "DoAn2", "DoAn2\DoAn2.csproj", "{F4D41E15-27BD-4727-BE7F-FD60765EA874}"
EndProject
Global
	GlobalSection(SolutionConfigurationPlatforms) = preSolution
		Debug|Any CPU = Debug|Any CPU
		Release|Any CPU = Release|Any CPU
	EndGlobalSection
	GlobalSection(ProjectConfigurationPlatforms) = postSolution
		{F4D41E15-27BD-4727-BE7F-FD60765EA874}.Debug|Any CPU.ActiveCfg = Debug|Any CPU
		{F4D41E15-27BD-4727-BE7F-FD60765EA874}.Debug|Any CPU.Build.0 = Debug|Any CPU
		{F4D41E15-27BD-4727-BE7F-FD60765EA874}.Release|Any CPU.ActiveCfg = Release|Any CPU
		{F4D41E15-27BD-4727-BE7F-FD60765EA874}.Release|Any CPU.Build.0 = Release|Any CPU
	EndGlobalSection
	GlobalSection(SolutionProperties) = preSolution
		HideSolutionNode = FALSE
	EndGlobalSection
	GlobalSection(ExtensibilityGlobals) = postSolution
		SolutionGuid = {569B1921-8C8D-43BC-A070-A7369FF4793B}
	EndGlobalSection
EndGlobal
